
Microsoft Visual Studio Solution File, Format Version 12.00
# Visual Studio 15
VisualStudioVersion = 15.0.27428.2015
MinimumVisualStudioVersion = 10.0.40219.1
Project("{FAE04EC0-301F-11D3-BF4B-00C04F79EFBC}") = "Programmering1_7.1.4", "Programmering1_7.1.4\Programmering1_7.1.4.csproj", "{3D941651-A4C1-4C00-8B07-12FA9A1E4C39}"
EndProject
Global
	GlobalSection(SolutionConfigurationPlatforms) = preSolution
		Debug|Any CPU = Debug|Any CPU
		Release|Any CPU = Release|Any CPU
	EndGlobalSection
	GlobalSection(ProjectConfigurationPlatforms) = postSolution
		{3D941651-A4C1-4C00-8B07-12FA9A1E4C39}.Debug|Any CPU.ActiveCfg = Debug|Any CPU
		{3D941651-A4C1-4C00-8B07-12FA9A1E4C39}.Debug|Any CPU.Build.0 = Debug|Any CPU
		{3D941651-A4C1-4C00-8B07-12FA9A1E4C39}.Release|Any CPU.ActiveCfg = Release|Any CPU
		{3D941651-A4C1-4C00-8B07-12FA9A1E4C39}.Release|Any CPU.Build.0 = Release|Any CPU
	EndGlobalSection
	GlobalSection(SolutionProperties) = preSolution
		HideSolutionNode = FALSE
	EndGlobalSection
	GlobalSection(ExtensibilityGlobals) = postSolution
		SolutionGuid = {6C09BF0E-DF89-48FE-AD26-246A45AF3133}
	EndGlobalSection
EndGlobal
